
Microsoft Visual Studio Solution File, Format Version 12.00
# Visual Studio Version 16
VisualStudioVersion = 16.0.30503.244
MinimumVisualStudioVersion = 10.0.40219.1
Project("{FAE04EC0-301F-11D3-BF4B-00C04F79EFBC}") = "pairgame", "pairgame\pairgame.csproj", "{F91940CC-DF15-44A1-9880-2674A69563BC}"
EndProject
Project("{FAE04EC0-301F-11D3-BF4B-00C04F79EFBC}") = "ConsoleGame", "ConsoleGame\ConsoleGame.csproj", "{84CDB16B-60EA-4BA0-9A3F-F354A1C412D0}"
EndProject
Global
	GlobalSection(SolutionConfigurationPlatforms) = preSolution
		Debug|Any CPU = Debug|Any CPU
		Release|Any CPU = Release|Any CPU
	EndGlobalSection
	GlobalSection(ProjectConfigurationPlatforms) = postSolution
		{F91940CC-DF15-44A1-9880-2674A69563BC}.Debug|Any CPU.ActiveCfg = Debug|Any CPU
		{F91940CC-DF15-44A1-9880-2674A69563BC}.Debug|Any CPU.Build.0 = Debug|Any CPU
		{F91940CC-DF15-44A1-9880-2674A69563BC}.Release|Any CPU.ActiveCfg = Release|Any CPU
		{F91940CC-DF15-44A1-9880-2674A69563BC}.Release|Any CPU.Build.0 = Release|Any CPU
		{84CDB16B-60EA-4BA0-9A3F-F354A1C412D0}.Debug|Any CPU.ActiveCfg = Debug|Any CPU
		{84CDB16B-60EA-4BA0-9A3F-F354A1C412D0}.Debug|Any CPU.Build.0 = Debug|Any CPU
		{84CDB16B-60EA-4BA0-9A3F-F354A1C412D0}.Release|Any CPU.ActiveCfg = Release|Any CPU
		{84CDB16B-60EA-4BA0-9A3F-F354A1C412D0}.Release|Any CPU.Build.0 = Release|Any CPU
	EndGlobalSection
	GlobalSection(SolutionProperties) = preSolution
		HideSolutionNode = FALSE
	EndGlobalSection
	GlobalSection(ExtensibilityGlobals) = postSolution
		SolutionGuid = {DF968FDB-0E78-4658-AE73-C205218C27EF}
	EndGlobalSection
EndGlobal
